// !$*UTF8*$!
{
	archiveVersion = 1;
	classes = {
	};
	objectVersion = 56;
	objects = {

/* Begin PBXBuildFile section */
		BC22FF392B788EBD00D47E63 /* GFEmptyStateView.swift in Sources */ = {isa = PBXBuildFile; fileRef = BC22FF382B788EBD00D47E63 /* GFEmptyStateView.swift */; };
		BC22FF3B2B7A183C00D47E63 /* UserInfoVC.swift in Sources */ = {isa = PBXBuildFile; fileRef = BC22FF3A2B7A183C00D47E63 /* UserInfoVC.swift */; };
		BC22FF3D2B7AA29100D47E63 /* GFUserInfoHeaderVC.swift in Sources */ = {isa = PBXBuildFile; fileRef = BC22FF3C2B7AA29100D47E63 /* GFUserInfoHeaderVC.swift */; };
		BC22FF3F2B7AA42D00D47E63 /* GFSecondaryTitleLabel.swift in Sources */ = {isa = PBXBuildFile; fileRef = BC22FF3E2B7AA42D00D47E63 /* GFSecondaryTitleLabel.swift */; };
		BC22FF412B7AAC8B00D47E63 /* Constants.swift in Sources */ = {isa = PBXBuildFile; fileRef = BC22FF402B7AAC8B00D47E63 /* Constants.swift */; };
		BC22FF432B7B8F6C00D47E63 /* GFItemInfoView.swift in Sources */ = {isa = PBXBuildFile; fileRef = BC22FF422B7B8F6C00D47E63 /* GFItemInfoView.swift */; };
		BC22FF452B7BF2A400D47E63 /* GFItemInfoVC.swift in Sources */ = {isa = PBXBuildFile; fileRef = BC22FF442B7BF2A400D47E63 /* GFItemInfoVC.swift */; };
		BC22FF472B7C94D400D47E63 /* GFRepoItemVC.swift in Sources */ = {isa = PBXBuildFile; fileRef = BC22FF462B7C94D400D47E63 /* GFRepoItemVC.swift */; };
		BC22FF492B7C995900D47E63 /* GFFollowerItemVC.swift in Sources */ = {isa = PBXBuildFile; fileRef = BC22FF482B7C995900D47E63 /* GFFollowerItemVC.swift */; };
		BC4BF59F2B4145FE00413111 /* ErrorMessagee.swift in Sources */ = {isa = PBXBuildFile; fileRef = BC4BF59E2B4145FE00413111 /* ErrorMessagee.swift */; };
		BC5FCC8F2B298E0D00EBE133 /* SearchVC.swift in Sources */ = {isa = PBXBuildFile; fileRef = BC5FCC8E2B298E0D00EBE133 /* SearchVC.swift */; };
		BC5FCC912B298E8800EBE133 /* FavoritesListVC.swift in Sources */ = {isa = PBXBuildFile; fileRef = BC5FCC902B298E8800EBE133 /* FavoritesListVC.swift */; };
		BC5FCC932B29B2B100EBE133 /* GFButton.swift in Sources */ = {isa = PBXBuildFile; fileRef = BC5FCC922B29B2B100EBE133 /* GFButton.swift */; };
		BC5FCC952B2A1FEC00EBE133 /* GFTextField.swift in Sources */ = {isa = PBXBuildFile; fileRef = BC5FCC942B2A1FEC00EBE133 /* GFTextField.swift */; };
		BC5FCC972B2DE6F900EBE133 /* FollowersListVC.swift in Sources */ = {isa = PBXBuildFile; fileRef = BC5FCC962B2DE6F900EBE133 /* FollowersListVC.swift */; };
		BC5FCC992B2FECD500EBE133 /* GFTitleLabel.swift in Sources */ = {isa = PBXBuildFile; fileRef = BC5FCC982B2FECD500EBE133 /* GFTitleLabel.swift */; };
		BC5FCC9B2B2FF19A00EBE133 /* GFBodyLabel.swift in Sources */ = {isa = PBXBuildFile; fileRef = BC5FCC9A2B2FF19A00EBE133 /* GFBodyLabel.swift */; };
		BC5FCC9D2B30039500EBE133 /* GFAlertVC.swift in Sources */ = {isa = PBXBuildFile; fileRef = BC5FCC9C2B30039500EBE133 /* GFAlertVC.swift */; };
		BC5FCCA32B30860D00EBE133 /* UI_VC_Extension.swift in Sources */ = {isa = PBXBuildFile; fileRef = BC5FCCA22B30860D00EBE133 /* UI_VC_Extension.swift */; };
		BC5FCCA82B312BD900EBE133 /* Follower.swift in Sources */ = {isa = PBXBuildFile; fileRef = BC5FCCA72B312BD900EBE133 /* Follower.swift */; };
		BC5FCCAA2B312E4300EBE133 /* User.swift in Sources */ = {isa = PBXBuildFile; fileRef = BC5FCCA92B312E4300EBE133 /* User.swift */; };
		BC5FCCAD2B31A2C000EBE133 /* NetworkManager.swift in Sources */ = {isa = PBXBuildFile; fileRef = BC5FCCAC2B31A2C000EBE133 /* NetworkManager.swift */; };
		BCB2E79F2B70B1F30058150E /* UIHelper.swift in Sources */ = {isa = PBXBuildFile; fileRef = BCB2E79E2B70B1F30058150E /* UIHelper.swift */; };
		BCEB84002B24A435000A52A6 /* AppDelegate.swift in Sources */ = {isa = PBXBuildFile; fileRef = BCEB83FF2B24A435000A52A6 /* AppDelegate.swift */; };
		BCEB84022B24A435000A52A6 /* SceneDelegate.swift in Sources */ = {isa = PBXBuildFile; fileRef = BCEB84012B24A435000A52A6 /* SceneDelegate.swift */; };
		BCEB84092B24A436000A52A6 /* Assets.xcassets in Resources */ = {isa = PBXBuildFile; fileRef = BCEB84082B24A436000A52A6 /* Assets.xcassets */; };
		BCEB840C2B24A436000A52A6 /* LaunchScreen.storyboard in Resources */ = {isa = PBXBuildFile; fileRef = BCEB840A2B24A436000A52A6 /* LaunchScreen.storyboard */; };
		BCFC47E32B47263900C8A1AB /* FollowerCell.swift in Sources */ = {isa = PBXBuildFile; fileRef = BCFC47E22B47263900C8A1AB /* FollowerCell.swift */; };
		BCFC47E52B47E63800C8A1AB /* GFAvatarImageView.swift in Sources */ = {isa = PBXBuildFile; fileRef = BCFC47E42B47E63800C8A1AB /* GFAvatarImageView.swift */; };
/* End PBXBuildFile section */

/* Begin PBXFileReference section */
		BC22FF382B788EBD00D47E63 /* GFEmptyStateView.swift */ = {isa = PBXFileReference; lastKnownFileType = sourcecode.swift; path = GFEmptyStateView.swift; sourceTree = "<group>"; };
		BC22FF3A2B7A183C00D47E63 /* UserInfoVC.swift */ = {isa = PBXFileReference; lastKnownFileType = sourcecode.swift; path = UserInfoVC.swift; sourceTree = "<group>"; };
		BC22FF3C2B7AA29100D47E63 /* GFUserInfoHeaderVC.swift */ = {isa = PBXFileReference; lastKnownFileType = sourcecode.swift; path = GFUserInfoHeaderVC.swift; sourceTree = "<group>"; };
		BC22FF3E2B7AA42D00D47E63 /* GFSecondaryTitleLabel.swift */ = {isa = PBXFileReference; lastKnownFileType = sourcecode.swift; path = GFSecondaryTitleLabel.swift; sourceTree = "<group>"; };
		BC22FF402B7AAC8B00D47E63 /* Constants.swift */ = {isa = PBXFileReference; lastKnownFileType = sourcecode.swift; path = Constants.swift; sourceTree = "<group>"; };
		BC22FF422B7B8F6C00D47E63 /* GFItemInfoView.swift */ = {isa = PBXFileReference; lastKnownFileType = sourcecode.swift; path = GFItemInfoView.swift; sourceTree = "<group>"; };
		BC22FF442B7BF2A400D47E63 /* GFItemInfoVC.swift */ = {isa = PBXFileReference; lastKnownFileType = sourcecode.swift; path = GFItemInfoVC.swift; sourceTree = "<group>"; };
		BC22FF462B7C94D400D47E63 /* GFRepoItemVC.swift */ = {isa = PBXFileReference; lastKnownFileType = sourcecode.swift; path = GFRepoItemVC.swift; sourceTree = "<group>"; };
		BC22FF482B7C995900D47E63 /* GFFollowerItemVC.swift */ = {isa = PBXFileReference; lastKnownFileType = sourcecode.swift; path = GFFollowerItemVC.swift; sourceTree = "<group>"; };
		BC4BF59E2B4145FE00413111 /* ErrorMessagee.swift */ = {isa = PBXFileReference; lastKnownFileType = sourcecode.swift; path = ErrorMessagee.swift; sourceTree = "<group>"; };
		BC5FCC8E2B298E0D00EBE133 /* SearchVC.swift */ = {isa = PBXFileReference; lastKnownFileType = sourcecode.swift; path = SearchVC.swift; sourceTree = "<group>"; };
		BC5FCC902B298E8800EBE133 /* FavoritesListVC.swift */ = {isa = PBXFileReference; lastKnownFileType = sourcecode.swift; path = FavoritesListVC.swift; sourceTree = "<group>"; };
		BC5FCC922B29B2B100EBE133 /* GFButton.swift */ = {isa = PBXFileReference; lastKnownFileType = sourcecode.swift; path = GFButton.swift; sourceTree = "<group>"; };
		BC5FCC942B2A1FEC00EBE133 /* GFTextField.swift */ = {isa = PBXFileReference; lastKnownFileType = sourcecode.swift; path = GFTextField.swift; sourceTree = "<group>"; };
		BC5FCC962B2DE6F900EBE133 /* FollowersListVC.swift */ = {isa = PBXFileReference; lastKnownFileType = sourcecode.swift; path = FollowersListVC.swift; sourceTree = "<group>"; };
		BC5FCC982B2FECD500EBE133 /* GFTitleLabel.swift */ = {isa = PBXFileReference; lastKnownFileType = sourcecode.swift; path = GFTitleLabel.swift; sourceTree = "<group>"; };
		BC5FCC9A2B2FF19A00EBE133 /* GFBodyLabel.swift */ = {isa = PBXFileReference; lastKnownFileType = sourcecode.swift; path = GFBodyLabel.swift; sourceTree = "<group>"; };
		BC5FCC9C2B30039500EBE133 /* GFAlertVC.swift */ = {isa = PBXFileReference; lastKnownFileType = sourcecode.swift; path = GFAlertVC.swift; sourceTree = "<group>"; };
		BC5FCCA22B30860D00EBE133 /* UI_VC_Extension.swift */ = {isa = PBXFileReference; lastKnownFileType = sourcecode.swift; path = UI_VC_Extension.swift; sourceTree = "<group>"; };
		BC5FCCA72B312BD900EBE133 /* Follower.swift */ = {isa = PBXFileReference; lastKnownFileType = sourcecode.swift; path = Follower.swift; sourceTree = "<group>"; };
		BC5FCCA92B312E4300EBE133 /* User.swift */ = {isa = PBXFileReference; lastKnownFileType = sourcecode.swift; path = User.swift; sourceTree = "<group>"; };
		BC5FCCAC2B31A2C000EBE133 /* NetworkManager.swift */ = {isa = PBXFileReference; lastKnownFileType = sourcecode.swift; path = NetworkManager.swift; sourceTree = "<group>"; };
		BCB2E79E2B70B1F30058150E /* UIHelper.swift */ = {isa = PBXFileReference; lastKnownFileType = sourcecode.swift; path = UIHelper.swift; sourceTree = "<group>"; };
		BCEB83FC2B24A435000A52A6 /* GHFollowersProgrammaticUI.app */ = {isa = PBXFileReference; explicitFileType = wrapper.application; includeInIndex = 0; path = GHFollowersProgrammaticUI.app; sourceTree = BUILT_PRODUCTS_DIR; };
		BCEB83FF2B24A435000A52A6 /* AppDelegate.swift */ = {isa = PBXFileReference; lastKnownFileType = sourcecode.swift; path = AppDelegate.swift; sourceTree = "<group>"; };
		BCEB84012B24A435000A52A6 /* SceneDelegate.swift */ = {isa = PBXFileReference; lastKnownFileType = sourcecode.swift; path = SceneDelegate.swift; sourceTree = "<group>"; };
		BCEB84082B24A436000A52A6 /* Assets.xcassets */ = {isa = PBXFileReference; lastKnownFileType = folder.assetcatalog; path = Assets.xcassets; sourceTree = "<group>"; };
		BCEB840B2B24A436000A52A6 /* Base */ = {isa = PBXFileReference; lastKnownFileType = file.storyboard; name = Base; path = Base.lproj/LaunchScreen.storyboard; sourceTree = "<group>"; };
		BCEB840D2B24A436000A52A6 /* Info.plist */ = {isa = PBXFileReference; lastKnownFileType = text.plist.xml; path = Info.plist; sourceTree = "<group>"; };
		BCFC47E22B47263900C8A1AB /* FollowerCell.swift */ = {isa = PBXFileReference; lastKnownFileType = sourcecode.swift; path = FollowerCell.swift; sourceTree = "<group>"; };
		BCFC47E42B47E63800C8A1AB /* GFAvatarImageView.swift */ = {isa = PBXFileReference; lastKnownFileType = sourcecode.swift; path = GFAvatarImageView.swift; sourceTree = "<group>"; };
/* End PBXFileReference section */

/* Begin PBXFrameworksBuildPhase section */
		BCEB83F92B24A435000A52A6 /* Frameworks */ = {
			isa = PBXFrameworksBuildPhase;
			buildActionMask = 2147483647;
			files = (
			);
			runOnlyForDeploymentPostprocessing = 0;
		};
/* End PBXFrameworksBuildPhase section */

/* Begin PBXGroup section */
		BC22FF322B788DD900D47E63 /* Labels */ = {
			isa = PBXGroup;
			children = (
				BC5FCC982B2FECD500EBE133 /* GFTitleLabel.swift */,
				BC5FCC9A2B2FF19A00EBE133 /* GFBodyLabel.swift */,
				BC22FF3E2B7AA42D00D47E63 /* GFSecondaryTitleLabel.swift */,
			);
			path = Labels;
			sourceTree = "<group>";
		};
		BC22FF332B788DE500D47E63 /* ViewControllers */ = {
			isa = PBXGroup;
			children = (
				BC22FF4A2B7C9D5900D47E63 /* ItemInfoVCs */,
				BC5FCC9C2B30039500EBE133 /* GFAlertVC.swift */,
				BC22FF3C2B7AA29100D47E63 /* GFUserInfoHeaderVC.swift */,
			);
			path = ViewControllers;
			sourceTree = "<group>";
		};
		BC22FF342B788DF400D47E63 /* ImageViews */ = {
			isa = PBXGroup;
			children = (
				BCFC47E42B47E63800C8A1AB /* GFAvatarImageView.swift */,
			);
			path = ImageViews;
			sourceTree = "<group>";
		};
		BC22FF352B788E0E00D47E63 /* TextFields */ = {
			isa = PBXGroup;
			children = (
				BC5FCC942B2A1FEC00EBE133 /* GFTextField.swift */,
			);
			path = TextFields;
			sourceTree = "<group>";
		};
		BC22FF362B788E1800D47E63 /* Buttons */ = {
			isa = PBXGroup;
			children = (
				BC5FCC922B29B2B100EBE133 /* GFButton.swift */,
			);
			path = Buttons;
			sourceTree = "<group>";
		};
		BC22FF372B788E3200D47E63 /* Views */ = {
			isa = PBXGroup;
			children = (
				BC22FF382B788EBD00D47E63 /* GFEmptyStateView.swift */,
				BC22FF422B7B8F6C00D47E63 /* GFItemInfoView.swift */,
			);
			path = Views;
			sourceTree = "<group>";
		};
		BC22FF4A2B7C9D5900D47E63 /* ItemInfoVCs */ = {
			isa = PBXGroup;
			children = (
				BC22FF442B7BF2A400D47E63 /* GFItemInfoVC.swift */,
				BC22FF462B7C94D400D47E63 /* GFRepoItemVC.swift */,
				BC22FF482B7C995900D47E63 /* GFFollowerItemVC.swift */,
			);
			path = ItemInfoVCs;
			sourceTree = "<group>";
		};
		BC4BF59D2B4145F000413111 /* Utilities */ = {
			isa = PBXGroup;
			children = (
				BC4BF59E2B4145FE00413111 /* ErrorMessagee.swift */,
				BCB2E79E2B70B1F30058150E /* UIHelper.swift */,
				BC22FF402B7AAC8B00D47E63 /* Constants.swift */,
			);
			path = Utilities;
			sourceTree = "<group>";
		};
		BC5FCCA02B30840200EBE133 /* Screens */ = {
			isa = PBXGroup;
			children = (
				BC5FCC8E2B298E0D00EBE133 /* SearchVC.swift */,
				BC5FCC902B298E8800EBE133 /* FavoritesListVC.swift */,
				BC5FCC962B2DE6F900EBE133 /* FollowersListVC.swift */,
				BC22FF3A2B7A183C00D47E63 /* UserInfoVC.swift */,
			);
			path = Screens;
			sourceTree = "<group>";
		};
		BC5FCCA12B30853B00EBE133 /* Custom Views */ = {
			isa = PBXGroup;
			children = (
				BC22FF372B788E3200D47E63 /* Views */,
				BC22FF362B788E1800D47E63 /* Buttons */,
				BC22FF352B788E0E00D47E63 /* TextFields */,
				BC22FF342B788DF400D47E63 /* ImageViews */,
				BC22FF332B788DE500D47E63 /* ViewControllers */,
				BC22FF322B788DD900D47E63 /* Labels */,
				BCFC47E12B4725F600C8A1AB /* Cells */,
			);
			path = "Custom Views";
			sourceTree = "<group>";
		};
		BC5FCCA42B30C43E00EBE133 /* Extensions */ = {
			isa = PBXGroup;
			children = (
				BC5FCCA22B30860D00EBE133 /* UI_VC_Extension.swift */,
			);
			path = Extensions;
			sourceTree = "<group>";
		};
		BC5FCCA52B30C56E00EBE133 /* Support */ = {
			isa = PBXGroup;
			children = (
				BCEB83FF2B24A435000A52A6 /* AppDelegate.swift */,
				BCEB84012B24A435000A52A6 /* SceneDelegate.swift */,
				BCEB84082B24A436000A52A6 /* Assets.xcassets */,
				BCEB840A2B24A436000A52A6 /* LaunchScreen.storyboard */,
			);
			path = Support;
			sourceTree = "<group>";
		};
		BC5FCCA62B312BAE00EBE133 /* Model */ = {
			isa = PBXGroup;
			children = (
				BC5FCCA72B312BD900EBE133 /* Follower.swift */,
				BC5FCCA92B312E4300EBE133 /* User.swift */,
			);
			path = Model;
			sourceTree = "<group>";
		};
		BC5FCCAB2B31A29900EBE133 /* Managers */ = {
			isa = PBXGroup;
			children = (
				BC5FCCAC2B31A2C000EBE133 /* NetworkManager.swift */,
			);
			path = Managers;
			sourceTree = "<group>";
		};
		BCEB83F32B24A435000A52A6 = {
			isa = PBXGroup;
			children = (
				BCEB83FE2B24A435000A52A6 /* GHFollowersProgrammaticUI */,
				BCEB83FD2B24A435000A52A6 /* Products */,
			);
			sourceTree = "<group>";
		};
		BCEB83FD2B24A435000A52A6 /* Products */ = {
			isa = PBXGroup;
			children = (
				BCEB83FC2B24A435000A52A6 /* GHFollowersProgrammaticUI.app */,
			);
			name = Products;
			sourceTree = "<group>";
		};
		BCEB83FE2B24A435000A52A6 /* GHFollowersProgrammaticUI */ = {
			isa = PBXGroup;
			children = (
				BC4BF59D2B4145F000413111 /* Utilities */,
				BC5FCCAB2B31A29900EBE133 /* Managers */,
				BCEB840D2B24A436000A52A6 /* Info.plist */,
				BC5FCCA62B312BAE00EBE133 /* Model */,
				BC5FCCA52B30C56E00EBE133 /* Support */,
				BC5FCCA42B30C43E00EBE133 /* Extensions */,
				BC5FCCA12B30853B00EBE133 /* Custom Views */,
				BC5FCCA02B30840200EBE133 /* Screens */,
			);
			path = GHFollowersProgrammaticUI;
			sourceTree = "<group>";
		};
		BCFC47E12B4725F600C8A1AB /* Cells */ = {
			isa = PBXGroup;
			children = (
				BCFC47E22B47263900C8A1AB /* FollowerCell.swift */,
			);
			path = Cells;
			sourceTree = "<group>";
		};
/* End PBXGroup section */

/* Begin PBXNativeTarget section */
		BCEB83FB2B24A435000A52A6 /* GHFollowersProgrammaticUI */ = {
			isa = PBXNativeTarget;
			buildConfigurationList = BCEB84102B24A436000A52A6 /* Build configuration list for PBXNativeTarget "GHFollowersProgrammaticUI" */;
			buildPhases = (
				BCEB83F82B24A435000A52A6 /* Sources */,
				BCEB83F92B24A435000A52A6 /* Frameworks */,
				BCEB83FA2B24A435000A52A6 /* Resources */,
			);
			buildRules = (
			);
			dependencies = (
			);
			name = GHFollowersProgrammaticUI;
			productName = GHFollowersProgrammaticUI;
			productReference = BCEB83FC2B24A435000A52A6 /* GHFollowersProgrammaticUI.app */;
			productType = "com.apple.product-type.application";
		};
/* End PBXNativeTarget section */

/* Begin PBXProject section */
		BCEB83F42B24A435000A52A6 /* Project object */ = {
			isa = PBXProject;
			attributes = {
				BuildIndependentTargetsInParallel = 1;
				LastSwiftUpdateCheck = 1500;
				LastUpgradeCheck = 1500;
				TargetAttributes = {
					BCEB83FB2B24A435000A52A6 = {
						CreatedOnToolsVersion = 15.0.1;
					};
				};
			};
			buildConfigurationList = BCEB83F72B24A435000A52A6 /* Build configuration list for PBXProject "GHFollowersProgrammaticUI" */;
			compatibilityVersion = "Xcode 14.0";
			developmentRegion = en;
			hasScannedForEncodings = 0;
			knownRegions = (
				en,
				Base,
			);
			mainGroup = BCEB83F32B24A435000A52A6;
			productRefGroup = BCEB83FD2B24A435000A52A6 /* Products */;
			projectDirPath = "";
			projectRoot = "";
			targets = (
				BCEB83FB2B24A435000A52A6 /* GHFollowersProgrammaticUI */,
			);
		};
/* End PBXProject section */

/* Begin PBXResourcesBuildPhase section */
		BCEB83FA2B24A435000A52A6 /* Resources */ = {
			isa = PBXResourcesBuildPhase;
			buildActionMask = 2147483647;
			files = (
				BCEB840C2B24A436000A52A6 /* LaunchScreen.storyboard in Resources */,
				BCEB84092B24A436000A52A6 /* Assets.xcassets in Resources */,
			);
			runOnlyForDeploymentPostprocessing = 0;
		};
/* End PBXResourcesBuildPhase section */

/* Begin PBXSourcesBuildPhase section */
		BCEB83F82B24A435000A52A6 /* Sources */ = {
			isa = PBXSourcesBuildPhase;
			buildActionMask = 2147483647;
			files = (
				BC5FCCAA2B312E4300EBE133 /* User.swift in Sources */,
				BC5FCC952B2A1FEC00EBE133 /* GFTextField.swift in Sources */,
				BC5FCC972B2DE6F900EBE133 /* FollowersListVC.swift in Sources */,
				BC5FCCA32B30860D00EBE133 /* UI_VC_Extension.swift in Sources */,
				BC5FCC912B298E8800EBE133 /* FavoritesListVC.swift in Sources */,
				BCB2E79F2B70B1F30058150E /* UIHelper.swift in Sources */,
				BC22FF452B7BF2A400D47E63 /* GFItemInfoVC.swift in Sources */,
				BC22FF412B7AAC8B00D47E63 /* Constants.swift in Sources */,
				BCFC47E52B47E63800C8A1AB /* GFAvatarImageView.swift in Sources */,
				BC5FCC932B29B2B100EBE133 /* GFButton.swift in Sources */,
				BC5FCC9D2B30039500EBE133 /* GFAlertVC.swift in Sources */,
				BC22FF492B7C995900D47E63 /* GFFollowerItemVC.swift in Sources */,
				BC22FF432B7B8F6C00D47E63 /* GFItemInfoView.swift in Sources */,
				BCFC47E32B47263900C8A1AB /* FollowerCell.swift in Sources */,
				BC4BF59F2B4145FE00413111 /* ErrorMessagee.swift in Sources */,
				BC22FF3D2B7AA29100D47E63 /* GFUserInfoHeaderVC.swift in Sources */,
				BC5FCC9B2B2FF19A00EBE133 /* GFBodyLabel.swift in Sources */,
				BC5FCCA82B312BD900EBE133 /* Follower.swift in Sources */,
				BC5FCC992B2FECD500EBE133 /* GFTitleLabel.swift in Sources */,
				BC22FF3F2B7AA42D00D47E63 /* GFSecondaryTitleLabel.swift in Sources */,
				BC22FF392B788EBD00D47E63 /* GFEmptyStateView.swift in Sources */,
				BC5FCCAD2B31A2C000EBE133 /* NetworkManager.swift in Sources */,
				BC5FCC8F2B298E0D00EBE133 /* SearchVC.swift in Sources */,
				BCEB84002B24A435000A52A6 /* AppDelegate.swift in Sources */,
				BCEB84022B24A435000A52A6 /* SceneDelegate.swift in Sources */,
				BC22FF472B7C94D400D47E63 /* GFRepoItemVC.swift in Sources */,
				BC22FF3B2B7A183C00D47E63 /* UserInfoVC.swift in Sources */,
			);
			runOnlyForDeploymentPostprocessing = 0;
		};
/* End PBXSourcesBuildPhase section */

/* Begin PBXVariantGroup section */
		BCEB840A2B24A436000A52A6 /* LaunchScreen.storyboard */ = {
			isa = PBXVariantGroup;
			children = (
				BCEB840B2B24A436000A52A6 /* Base */,
			);
			name = LaunchScreen.storyboard;
			sourceTree = "<group>";
		};
/* End PBXVariantGroup section */

/* Begin XCBuildConfiguration section */
		BCEB840E2B24A436000A52A6 /* Debug */ = {
			isa = XCBuildConfiguration;
			buildSettings = {
				ALWAYS_SEARCH_USER_PATHS = NO;
				ASSETCATALOG_COMPILER_GENERATE_SWIFT_ASSET_SYMBOL_EXTENSIONS = YES;
				CLANG_ANALYZER_NONNULL = YES;
				CLANG_ANALYZER_NUMBER_OBJECT_CONVERSION = YES_AGGRESSIVE;
				CLANG_CXX_LANGUAGE_STANDARD = "gnu++20";
				CLANG_ENABLE_MODULES = YES;
				CLANG_ENABLE_OBJC_ARC = YES;
				CLANG_ENABLE_OBJC_WEAK = YES;
				CLANG_WARN_BLOCK_CAPTURE_AUTORELEASING = YES;
				CLANG_WARN_BOOL_CONVERSION = YES;
				CLANG_WARN_COMMA = YES;
				CLANG_WARN_CONSTANT_CONVERSION = YES;
				CLANG_WARN_DEPRECATED_OBJC_IMPLEMENTATIONS = YES;
				CLANG_WARN_DIRECT_OBJC_ISA_USAGE = YES_ERROR;
				CLANG_WARN_DOCUMENTATION_COMMENTS = YES;
				CLANG_WARN_EMPTY_BODY = YES;
				CLANG_WARN_ENUM_CONVERSION = YES;
				CLANG_WARN_INFINITE_RECURSION = YES;
				CLANG_WARN_INT_CONVERSION = YES;
				CLANG_WARN_NON_LITERAL_NULL_CONVERSION = YES;
				CLANG_WARN_OBJC_IMPLICIT_RETAIN_SELF = YES;
				CLANG_WARN_OBJC_LITERAL_CONVERSION = YES;
				CLANG_WARN_OBJC_ROOT_CLASS = YES_ERROR;
				CLANG_WARN_QUOTED_INCLUDE_IN_FRAMEWORK_HEADER = YES;
				CLANG_WARN_RANGE_LOOP_ANALYSIS = YES;
				CLANG_WARN_STRICT_PROTOTYPES = YES;
				CLANG_WARN_SUSPICIOUS_MOVE = YES;
				CLANG_WARN_UNGUARDED_AVAILABILITY = YES_AGGRESSIVE;
				CLANG_WARN_UNREACHABLE_CODE = YES;
				CLANG_WARN__DUPLICATE_METHOD_MATCH = YES;
				COPY_PHASE_STRIP = NO;
				DEBUG_INFORMATION_FORMAT = dwarf;
				ENABLE_STRICT_OBJC_MSGSEND = YES;
				ENABLE_TESTABILITY = YES;
				ENABLE_USER_SCRIPT_SANDBOXING = YES;
				GCC_C_LANGUAGE_STANDARD = gnu17;
				GCC_DYNAMIC_NO_PIC = NO;
				GCC_NO_COMMON_BLOCKS = YES;
				GCC_OPTIMIZATION_LEVEL = 0;
				GCC_PREPROCESSOR_DEFINITIONS = (
					"DEBUG=1",
					"$(inherited)",
				);
				GCC_WARN_64_TO_32_BIT_CONVERSION = YES;
				GCC_WARN_ABOUT_RETURN_TYPE = YES_ERROR;
				GCC_WARN_UNDECLARED_SELECTOR = YES;
				GCC_WARN_UNINITIALIZED_AUTOS = YES_AGGRESSIVE;
				GCC_WARN_UNUSED_FUNCTION = YES;
				GCC_WARN_UNUSED_VARIABLE = YES;
				IPHONEOS_DEPLOYMENT_TARGET = 17.0;
				LOCALIZATION_PREFERS_STRING_CATALOGS = YES;
				MTL_ENABLE_DEBUG_INFO = INCLUDE_SOURCE;
				MTL_FAST_MATH = YES;
				ONLY_ACTIVE_ARCH = YES;
				SDKROOT = iphoneos;
				SWIFT_ACTIVE_COMPILATION_CONDITIONS = "DEBUG $(inherited)";
				SWIFT_OPTIMIZATION_LEVEL = "-Onone";
			};
			name = Debug;
		};
		BCEB840F2B24A436000A52A6 /* Release */ = {
			isa = XCBuildConfiguration;
			buildSettings = {
				ALWAYS_SEARCH_USER_PATHS = NO;
				ASSETCATALOG_COMPILER_GENERATE_SWIFT_ASSET_SYMBOL_EXTENSIONS = YES;
				CLANG_ANALYZER_NONNULL = YES;
				CLANG_ANALYZER_NUMBER_OBJECT_CONVERSION = YES_AGGRESSIVE;
				CLANG_CXX_LANGUAGE_STANDARD = "gnu++20";
				CLANG_ENABLE_MODULES = YES;
				CLANG_ENABLE_OBJC_ARC = YES;
				CLANG_ENABLE_OBJC_WEAK = YES;
				CLANG_WARN_BLOCK_CAPTURE_AUTORELEASING = YES;
				CLANG_WARN_BOOL_CONVERSION = YES;
				CLANG_WARN_COMMA = YES;
				CLANG_WARN_CONSTANT_CONVERSION = YES;
				CLANG_WARN_DEPRECATED_OBJC_IMPLEMENTATIONS = YES;
				CLANG_WARN_DIRECT_OBJC_ISA_USAGE = YES_ERROR;
				CLANG_WARN_DOCUMENTATION_COMMENTS = YES;
				CLANG_WARN_EMPTY_BODY = YES;
				CLANG_WARN_ENUM_CONVERSION = YES;
				CLANG_WARN_INFINITE_RECURSION = YES;
				CLANG_WARN_INT_CONVERSION = YES;
				CLANG_WARN_NON_LITERAL_NULL_CONVERSION = YES;
				CLANG_WARN_OBJC_IMPLICIT_RETAIN_SELF = YES;
				CLANG_WARN_OBJC_LITERAL_CONVERSION = YES;
				CLANG_WARN_OBJC_ROOT_CLASS = YES_ERROR;
				CLANG_WARN_QUOTED_INCLUDE_IN_FRAMEWORK_HEADER = YES;
				CLANG_WARN_RANGE_LOOP_ANALYSIS = YES;
				CLANG_WARN_STRICT_PROTOTYPES = YES;
				CLANG_WARN_SUSPICIOUS_MOVE = YES;
				CLANG_WARN_UNGUARDED_AVAILABILITY = YES_AGGRESSIVE;
				CLANG_WARN_UNREACHABLE_CODE = YES;
				CLANG_WARN__DUPLICATE_METHOD_MATCH = YES;
				COPY_PHASE_STRIP = NO;
				DEBUG_INFORMATION_FORMAT = "dwarf-with-dsym";
				ENABLE_NS_ASSERTIONS = NO;
				ENABLE_STRICT_OBJC_MSGSEND = YES;
				ENABLE_USER_SCRIPT_SANDBOXING = YES;
				GCC_C_LANGUAGE_STANDARD = gnu17;
				GCC_NO_COMMON_BLOCKS = YES;
				GCC_WARN_64_TO_32_BIT_CONVERSION = YES;
				GCC_WARN_ABOUT_RETURN_TYPE = YES_ERROR;
				GCC_WARN_UNDECLARED_SELECTOR = YES;
				GCC_WARN_UNINITIALIZED_AUTOS = YES_AGGRESSIVE;
				GCC_WARN_UNUSED_FUNCTION = YES;
				GCC_WARN_UNUSED_VARIABLE = YES;
				IPHONEOS_DEPLOYMENT_TARGET = 17.0;
				LOCALIZATION_PREFERS_STRING_CATALOGS = YES;
				MTL_ENABLE_DEBUG_INFO = NO;
				MTL_FAST_MATH = YES;
				SDKROOT = iphoneos;
				SWIFT_COMPILATION_MODE = wholemodule;
				VALIDATE_PRODUCT = YES;
			};
			name = Release;
		};
		BCEB84112B24A436000A52A6 /* Debug */ = {
			isa = XCBuildConfiguration;
			buildSettings = {
				ASSETCATALOG_COMPILER_APPICON_NAME = AppIcon;
				ASSETCATALOG_COMPILER_GLOBAL_ACCENT_COLOR_NAME = AccentColor;
				CODE_SIGN_STYLE = Automatic;
				CURRENT_PROJECT_VERSION = 1;
				DEVELOPMENT_TEAM = D98H3RQ83X;
				GENERATE_INFOPLIST_FILE = YES;
				INFOPLIST_FILE = GHFollowersProgrammaticUI/Info.plist;
				INFOPLIST_KEY_UIApplicationSupportsIndirectInputEvents = YES;
				INFOPLIST_KEY_UILaunchStoryboardName = LaunchScreen;
				INFOPLIST_KEY_UIStatusBarStyle = "";
				INFOPLIST_KEY_UISupportedInterfaceOrientations = UIInterfaceOrientationPortrait;
				INFOPLIST_KEY_UISupportedInterfaceOrientations_iPad = "UIInterfaceOrientationLandscapeLeft UIInterfaceOrientationLandscapeRight UIInterfaceOrientationPortrait UIInterfaceOrientationPortraitUpsideDown";
				LD_RUNPATH_SEARCH_PATHS = (
					"$(inherited)",
					"@executable_path/Frameworks",
				);
				MARKETING_VERSION = 1.0;
				PRODUCT_BUNDLE_IDENTIFIER = com.mfg.GHFollowersProgrammaticUI;
				PRODUCT_NAME = "$(TARGET_NAME)";
				SWIFT_EMIT_LOC_STRINGS = YES;
				SWIFT_VERSION = 5.0;
				TARGETED_DEVICE_FAMILY = "1,2";
			};
			name = Debug;
		};
		BCEB84122B24A436000A52A6 /* Release */ = {
			isa = XCBuildConfiguration;
			buildSettings = {
				ASSETCATALOG_COMPILER_APPICON_NAME = AppIcon;
				ASSETCATALOG_COMPILER_GLOBAL_ACCENT_COLOR_NAME = AccentColor;
				CODE_SIGN_STYLE = Automatic;
				CURRENT_PROJECT_VERSION = 1;
				DEVELOPMENT_TEAM = D98H3RQ83X;
				GENERATE_INFOPLIST_FILE = YES;
				INFOPLIST_FILE = GHFollowersProgrammaticUI/Info.plist;
				INFOPLIST_KEY_UIApplicationSupportsIndirectInputEvents = YES;
				INFOPLIST_KEY_UILaunchStoryboardName = LaunchScreen;
				INFOPLIST_KEY_UIStatusBarStyle = "";
				INFOPLIST_KEY_UISupportedInterfaceOrientations = UIInterfaceOrientationPortrait;
				INFOPLIST_KEY_UISupportedInterfaceOrientations_iPad = "UIInterfaceOrientationLandscapeLeft UIInterfaceOrientationLandscapeRight UIInterfaceOrientationPortrait UIInterfaceOrientationPortraitUpsideDown";
				LD_RUNPATH_SEARCH_PATHS = (
					"$(inherited)",
					"@executable_path/Frameworks",
				);
				MARKETING_VERSION = 1.0;
				PRODUCT_BUNDLE_IDENTIFIER = com.mfg.GHFollowersProgrammaticUI;
				PRODUCT_NAME = "$(TARGET_NAME)";
				SWIFT_EMIT_LOC_STRINGS = YES;
				SWIFT_VERSION = 5.0;
				TARGETED_DEVICE_FAMILY = "1,2";
			};
			name = Release;
		};
/* End XCBuildConfiguration section */

/* Begin XCConfigurationList section */
		BCEB83F72B24A435000A52A6 /* Build configuration list for PBXProject "GHFollowersProgrammaticUI" */ = {
			isa = XCConfigurationList;
			buildConfigurations = (
				BCEB840E2B24A436000A52A6 /* Debug */,
				BCEB840F2B24A436000A52A6 /* Release */,
			);
			defaultConfigurationIsVisible = 0;
			defaultConfigurationName = Release;
		};
		BCEB84102B24A436000A52A6 /* Build configuration list for PBXNativeTarget "GHFollowersProgrammaticUI" */ = {
			isa = XCConfigurationList;
			buildConfigurations = (
				BCEB84112B24A436000A52A6 /* Debug */,
				BCEB84122B24A436000A52A6 /* Release */,
			);
			defaultConfigurationIsVisible = 0;
			defaultConfigurationName = Release;
		};
/* End XCConfigurationList section */
	};
	rootObject = BCEB83F42B24A435000A52A6 /* Project object */;
}
